
Microsoft Visual Studio Solution File, Format Version 12.00
# Visual Studio Version 16
VisualStudioVersion = 16.0.30907.101
MinimumVisualStudioVersion = 10.0.40219.1
Project("{9A19103F-16F7-4668-BE54-9A1E7A4F7556}") = "CcAcca.ApplicationInsights.ProblemDetails", "CcAcca.ApplicationInsights.ProblemDetails\CcAcca.ApplicationInsights.ProblemDetails.csproj", "{58347896-B413-4D63-98A8-88BE3A326821}"
EndProject
Global
	GlobalSection(SolutionConfigurationPlatforms) = preSolution
		Debug|Any CPU = Debug|Any CPU
		Release|Any CPU = Release|Any CPU
	EndGlobalSection
	GlobalSection(ProjectConfigurationPlatforms) = postSolution
		{58347896-B413-4D63-98A8-88BE3A326821}.Debug|Any CPU.ActiveCfg = Debug|Any CPU
		{58347896-B413-4D63-98A8-88BE3A326821}.Debug|Any CPU.Build.0 = Debug|Any CPU
		{58347896-B413-4D63-98A8-88BE3A326821}.Release|Any CPU.ActiveCfg = Release|Any CPU
		{58347896-B413-4D63-98A8-88BE3A326821}.Release|Any CPU.Build.0 = Release|Any CPU
	EndGlobalSection
	GlobalSection(SolutionProperties) = preSolution
		HideSolutionNode = FALSE
	EndGlobalSection
	GlobalSection(ExtensibilityGlobals) = postSolution
		SolutionGuid = {2E57FA63-C0D1-4045-BDBC-19680148E85F}
	EndGlobalSection
EndGlobal
